
Microsoft Visual Studio Solution File, Format Version 12.00
# Visual Studio 14
VisualStudioVersion = 14.0.23107.0
MinimumVisualStudioVersion = 10.0.40219.1
Project("{FAE04EC0-301F-11D3-BF4B-00C04F79EFBC}") = "donnerAgeOouN", "ConsoleApplication1\donnerAgeOouN.csproj", "{D37EBBA2-0CAA-45DA-A082-8E9DBC1CDC0D}"
EndProject
Project("{FAE04EC0-301F-11D3-BF4B-00C04F79EFBC}") = "jeuPlusMoins", "jeuPlusMoins\jeuPlusMoins.csproj", "{63EE7C7F-825F-40BA-AC39-1D1BFDFE97C3}"
EndProject
Project("{FAE04EC0-301F-11D3-BF4B-00C04F79EFBC}") = "DebutPOO", "DebutPOO\DebutPOO.csproj", "{6DA2F387-375D-4BD3-A4D7-63D1E2C7810F}"
EndProject
Project("{FAE04EC0-301F-11D3-BF4B-00C04F79EFBC}") = "POO_Heritage", "SuitePOO\POO_Heritage.csproj", "{6C053FD7-D1AB-4479-A615-CB5BF35F3265}"
EndProject
Project("{FAE04EC0-301F-11D3-BF4B-00C04F79EFBC}") = "POO_Interface", "POO_Avancee\POO_Interface.csproj", "{BFC96BA0-5D6A-416D-8F73-2E14FD803E88}"
EndProject
Global
	GlobalSection(SolutionConfigurationPlatforms) = preSolution
		Debug|Any CPU = Debug|Any CPU
		Release|Any CPU = Release|Any CPU
	EndGlobalSection
	GlobalSection(ProjectConfigurationPlatforms) = postSolution
		{D37EBBA2-0CAA-45DA-A082-8E9DBC1CDC0D}.Debug|Any CPU.ActiveCfg = Debug|Any CPU
		{D37EBBA2-0CAA-45DA-A082-8E9DBC1CDC0D}.Debug|Any CPU.Build.0 = Debug|Any CPU
		{D37EBBA2-0CAA-45DA-A082-8E9DBC1CDC0D}.Release|Any CPU.ActiveCfg = Release|Any CPU
		{D37EBBA2-0CAA-45DA-A082-8E9DBC1CDC0D}.Release|Any CPU.Build.0 = Release|Any CPU
		{63EE7C7F-825F-40BA-AC39-1D1BFDFE97C3}.Debug|Any CPU.ActiveCfg = Debug|Any CPU
		{63EE7C7F-825F-40BA-AC39-1D1BFDFE97C3}.Debug|Any CPU.Build.0 = Debug|Any CPU
		{63EE7C7F-825F-40BA-AC39-1D1BFDFE97C3}.Release|Any CPU.ActiveCfg = Release|Any CPU
		{63EE7C7F-825F-40BA-AC39-1D1BFDFE97C3}.Release|Any CPU.Build.0 = Release|Any CPU
		{6DA2F387-375D-4BD3-A4D7-63D1E2C7810F}.Debug|Any CPU.ActiveCfg = Debug|Any CPU
		{6DA2F387-375D-4BD3-A4D7-63D1E2C7810F}.Debug|Any CPU.Build.0 = Debug|Any CPU
		{6DA2F387-375D-4BD3-A4D7-63D1E2C7810F}.Release|Any CPU.ActiveCfg = Release|Any CPU
		{6DA2F387-375D-4BD3-A4D7-63D1E2C7810F}.Release|Any CPU.Build.0 = Release|Any CPU
		{6C053FD7-D1AB-4479-A615-CB5BF35F3265}.Debug|Any CPU.ActiveCfg = Debug|Any CPU
		{6C053FD7-D1AB-4479-A615-CB5BF35F3265}.Debug|Any CPU.Build.0 = Debug|Any CPU
		{6C053FD7-D1AB-4479-A615-CB5BF35F3265}.Release|Any CPU.ActiveCfg = Release|Any CPU
		{6C053FD7-D1AB-4479-A615-CB5BF35F3265}.Release|Any CPU.Build.0 = Release|Any CPU
		{BFC96BA0-5D6A-416D-8F73-2E14FD803E88}.Debug|Any CPU.ActiveCfg = Debug|Any CPU
		{BFC96BA0-5D6A-416D-8F73-2E14FD803E88}.Debug|Any CPU.Build.0 = Debug|Any CPU
		{BFC96BA0-5D6A-416D-8F73-2E14FD803E88}.Release|Any CPU.ActiveCfg = Release|Any CPU
		{BFC96BA0-5D6A-416D-8F73-2E14FD803E88}.Release|Any CPU.Build.0 = Release|Any CPU
	EndGlobalSection
	GlobalSection(SolutionProperties) = preSolution
		HideSolutionNode = FALSE
	EndGlobalSection
EndGlobal
