
Microsoft Visual Studio Solution File, Format Version 12.00
# Visual Studio 14
VisualStudioVersion = 14.0.23107.0
MinimumVisualStudioVersion = 10.0.40219.1
Project("{FAE04EC0-301F-11D3-BF4B-00C04F79EFBC}") = "donnerAgeOouN", "ConsoleApplication1\donnerAgeOouN.csproj", "{D37EBBA2-0CAA-45DA-A082-8E9DBC1CDC0D}"
EndProject
Project("{FAE04EC0-301F-11D3-BF4B-00C04F79EFBC}") = "jeuPlusMoins", "jeuPlusMoins\jeuPlusMoins.csproj", "{63EE7C7F-825F-40BA-AC39-1D1BFDFE97C3}"
EndProject
Project("{FAE04EC0-301F-11D3-BF4B-00C04F79EFBC}") = "DebutPOO", "DebutPOO\DebutPOO.csproj", "{6DA2F387-375D-4BD3-A4D7-63D1E2C7810F}"
EndProject
Project("{FAE04EC0-301F-11D3-BF4B-00C04F79EFBC}") = "POO_Heritage", "SuitePOO\POO_Heritage.csproj", "{6C053FD7-D1AB-4479-A615-CB5BF35F3265}"
EndProject
Project("{FAE04EC0-301F-11D3-BF4B-00C04F79EFBC}") = "POO_Interface", "POO_Avancee\POO_Interface.csproj", "{BFC96BA0-5D6A-416D-8F73-2E14FD803E88}"
EndProject
Project("{FAE04EC0-301F-11D3-BF4B-00C04F79EFBC}") = "TP_POO", "TP_POO\TP_POO.csproj", "{A4CB1F0F-79B7-4104-B197-033D84FA5055}"
EndProject
Project("{FAE04EC0-301F-11D3-BF4B-00C04F79EFBC}") = "POO_generique", "POO_generique\POO_generique.csproj", "{4223C9EB-0B3B-4EF9-BB3F-0523324204F3}"
EndProject
Project("{FAE04EC0-301F-11D3-BF4B-00C04F79EFBC}") = "TP_Type_Generique", "TP_Type_Generique\TP_Type_Generique.csproj", "{22DA2B47-518B-4305-8ACE-A95E623A188E}"
EndProject
Project("{FAE04EC0-301F-11D3-BF4B-00C04F79EFBC}") = "imple_interface_explicite", "imple_interface_explicite\imple_interface_explicite.csproj", "{32DD4778-A303-4D1C-914F-AC594DF6D1D0}"
EndProject
Project("{FAE04EC0-301F-11D3-BF4B-00C04F79EFBC}") = "Methode_extension", "Methode_extension\Methode_extension.csproj", "{02D6766A-9C40-4CE1-8AF8-EFD4A83B1C6D}"
EndProject
Project("{FAE04EC0-301F-11D3-BF4B-00C04F79EFBC}") = "Delegues", "Delegues\Delegues.csproj", "{1C4CBA20-8B44-4AF8-AB07-EE9D1FFBA3ED}"
EndProject
Project("{FAE04EC0-301F-11D3-BF4B-00C04F79EFBC}") = "LesEvenements", "LesEvenements\LesEvenements.csproj", "{D08AFD0B-64A9-4F9B-9C89-C860E808F1AC}"
EndProject
Project("{FAE04EC0-301F-11D3-BF4B-00C04F79EFBC}") = "Exceptions", "Exceptions\Exceptions.csproj", "{2B615D0A-BF64-44DF-B01A-EC17783AE6E8}"
EndProject
Project("{FAE04EC0-301F-11D3-BF4B-00C04F79EFBC}") = "TP_Meteo", "TP_Meteo\TP_Meteo.csproj", "{964C64FD-5365-45A3-BEBC-9164FA0B0E66}"
EndProject
Project("{FAE04EC0-301F-11D3-BF4B-00C04F79EFBC}") = "Tp_meteo_moi", "Tp_meteo_moi\Tp_meteo_moi.csproj", "{492DF345-F075-42F8-8085-DD81AF9E8C80}"
EndProject
Project("{FAE04EC0-301F-11D3-BF4B-00C04F79EFBC}") = "LinQ", "LinQ\LinQ.csproj", "{124C4241-7934-4993-98E1-010073567F06}"
EndProject
Global
	GlobalSection(SolutionConfigurationPlatforms) = preSolution
		Debug|Any CPU = Debug|Any CPU
		Release|Any CPU = Release|Any CPU
	EndGlobalSection
	GlobalSection(ProjectConfigurationPlatforms) = postSolution
		{D37EBBA2-0CAA-45DA-A082-8E9DBC1CDC0D}.Debug|Any CPU.ActiveCfg = Debug|Any CPU
		{D37EBBA2-0CAA-45DA-A082-8E9DBC1CDC0D}.Debug|Any CPU.Build.0 = Debug|Any CPU
		{D37EBBA2-0CAA-45DA-A082-8E9DBC1CDC0D}.Release|Any CPU.ActiveCfg = Release|Any CPU
		{D37EBBA2-0CAA-45DA-A082-8E9DBC1CDC0D}.Release|Any CPU.Build.0 = Release|Any CPU
		{63EE7C7F-825F-40BA-AC39-1D1BFDFE97C3}.Debug|Any CPU.ActiveCfg = Debug|Any CPU
		{63EE7C7F-825F-40BA-AC39-1D1BFDFE97C3}.Debug|Any CPU.Build.0 = Debug|Any CPU
		{63EE7C7F-825F-40BA-AC39-1D1BFDFE97C3}.Release|Any CPU.ActiveCfg = Release|Any CPU
		{63EE7C7F-825F-40BA-AC39-1D1BFDFE97C3}.Release|Any CPU.Build.0 = Release|Any CPU
		{6DA2F387-375D-4BD3-A4D7-63D1E2C7810F}.Debug|Any CPU.ActiveCfg = Debug|Any CPU
		{6DA2F387-375D-4BD3-A4D7-63D1E2C7810F}.Debug|Any CPU.Build.0 = Debug|Any CPU
		{6DA2F387-375D-4BD3-A4D7-63D1E2C7810F}.Release|Any CPU.ActiveCfg = Release|Any CPU
		{6DA2F387-375D-4BD3-A4D7-63D1E2C7810F}.Release|Any CPU.Build.0 = Release|Any CPU
		{6C053FD7-D1AB-4479-A615-CB5BF35F3265}.Debug|Any CPU.ActiveCfg = Debug|Any CPU
		{6C053FD7-D1AB-4479-A615-CB5BF35F3265}.Debug|Any CPU.Build.0 = Debug|Any CPU
		{6C053FD7-D1AB-4479-A615-CB5BF35F3265}.Release|Any CPU.ActiveCfg = Release|Any CPU
		{6C053FD7-D1AB-4479-A615-CB5BF35F3265}.Release|Any CPU.Build.0 = Release|Any CPU
		{BFC96BA0-5D6A-416D-8F73-2E14FD803E88}.Debug|Any CPU.ActiveCfg = Debug|Any CPU
		{BFC96BA0-5D6A-416D-8F73-2E14FD803E88}.Debug|Any CPU.Build.0 = Debug|Any CPU
		{BFC96BA0-5D6A-416D-8F73-2E14FD803E88}.Release|Any CPU.ActiveCfg = Release|Any CPU
		{BFC96BA0-5D6A-416D-8F73-2E14FD803E88}.Release|Any CPU.Build.0 = Release|Any CPU
		{A4CB1F0F-79B7-4104-B197-033D84FA5055}.Debug|Any CPU.ActiveCfg = Debug|Any CPU
		{A4CB1F0F-79B7-4104-B197-033D84FA5055}.Debug|Any CPU.Build.0 = Debug|Any CPU
		{A4CB1F0F-79B7-4104-B197-033D84FA5055}.Release|Any CPU.ActiveCfg = Release|Any CPU
		{A4CB1F0F-79B7-4104-B197-033D84FA5055}.Release|Any CPU.Build.0 = Release|Any CPU
		{4223C9EB-0B3B-4EF9-BB3F-0523324204F3}.Debug|Any CPU.ActiveCfg = Debug|Any CPU
		{4223C9EB-0B3B-4EF9-BB3F-0523324204F3}.Debug|Any CPU.Build.0 = Debug|Any CPU
		{4223C9EB-0B3B-4EF9-BB3F-0523324204F3}.Release|Any CPU.ActiveCfg = Release|Any CPU
		{4223C9EB-0B3B-4EF9-BB3F-0523324204F3}.Release|Any CPU.Build.0 = Release|Any CPU
		{22DA2B47-518B-4305-8ACE-A95E623A188E}.Debug|Any CPU.ActiveCfg = Debug|Any CPU
		{22DA2B47-518B-4305-8ACE-A95E623A188E}.Debug|Any CPU.Build.0 = Debug|Any CPU
		{22DA2B47-518B-4305-8ACE-A95E623A188E}.Release|Any CPU.ActiveCfg = Release|Any CPU
		{22DA2B47-518B-4305-8ACE-A95E623A188E}.Release|Any CPU.Build.0 = Release|Any CPU
		{32DD4778-A303-4D1C-914F-AC594DF6D1D0}.Debug|Any CPU.ActiveCfg = Debug|Any CPU
		{32DD4778-A303-4D1C-914F-AC594DF6D1D0}.Debug|Any CPU.Build.0 = Debug|Any CPU
		{32DD4778-A303-4D1C-914F-AC594DF6D1D0}.Release|Any CPU.ActiveCfg = Release|Any CPU
		{32DD4778-A303-4D1C-914F-AC594DF6D1D0}.Release|Any CPU.Build.0 = Release|Any CPU
		{02D6766A-9C40-4CE1-8AF8-EFD4A83B1C6D}.Debug|Any CPU.ActiveCfg = Debug|Any CPU
		{02D6766A-9C40-4CE1-8AF8-EFD4A83B1C6D}.Debug|Any CPU.Build.0 = Debug|Any CPU
		{02D6766A-9C40-4CE1-8AF8-EFD4A83B1C6D}.Release|Any CPU.ActiveCfg = Release|Any CPU
		{02D6766A-9C40-4CE1-8AF8-EFD4A83B1C6D}.Release|Any CPU.Build.0 = Release|Any CPU
		{1C4CBA20-8B44-4AF8-AB07-EE9D1FFBA3ED}.Debug|Any CPU.ActiveCfg = Debug|Any CPU
		{1C4CBA20-8B44-4AF8-AB07-EE9D1FFBA3ED}.Debug|Any CPU.Build.0 = Debug|Any CPU
		{1C4CBA20-8B44-4AF8-AB07-EE9D1FFBA3ED}.Release|Any CPU.ActiveCfg = Release|Any CPU
		{1C4CBA20-8B44-4AF8-AB07-EE9D1FFBA3ED}.Release|Any CPU.Build.0 = Release|Any CPU
		{D08AFD0B-64A9-4F9B-9C89-C860E808F1AC}.Debug|Any CPU.ActiveCfg = Debug|Any CPU
		{D08AFD0B-64A9-4F9B-9C89-C860E808F1AC}.Debug|Any CPU.Build.0 = Debug|Any CPU
		{D08AFD0B-64A9-4F9B-9C89-C860E808F1AC}.Release|Any CPU.ActiveCfg = Release|Any CPU
		{D08AFD0B-64A9-4F9B-9C89-C860E808F1AC}.Release|Any CPU.Build.0 = Release|Any CPU
		{2B615D0A-BF64-44DF-B01A-EC17783AE6E8}.Debug|Any CPU.ActiveCfg = Debug|Any CPU
		{2B615D0A-BF64-44DF-B01A-EC17783AE6E8}.Debug|Any CPU.Build.0 = Debug|Any CPU
		{2B615D0A-BF64-44DF-B01A-EC17783AE6E8}.Release|Any CPU.ActiveCfg = Release|Any CPU
		{2B615D0A-BF64-44DF-B01A-EC17783AE6E8}.Release|Any CPU.Build.0 = Release|Any CPU
		{964C64FD-5365-45A3-BEBC-9164FA0B0E66}.Debug|Any CPU.ActiveCfg = Debug|Any CPU
		{964C64FD-5365-45A3-BEBC-9164FA0B0E66}.Debug|Any CPU.Build.0 = Debug|Any CPU
		{964C64FD-5365-45A3-BEBC-9164FA0B0E66}.Release|Any CPU.ActiveCfg = Release|Any CPU
		{964C64FD-5365-45A3-BEBC-9164FA0B0E66}.Release|Any CPU.Build.0 = Release|Any CPU
		{492DF345-F075-42F8-8085-DD81AF9E8C80}.Debug|Any CPU.ActiveCfg = Debug|Any CPU
		{492DF345-F075-42F8-8085-DD81AF9E8C80}.Debug|Any CPU.Build.0 = Debug|Any CPU
		{492DF345-F075-42F8-8085-DD81AF9E8C80}.Release|Any CPU.ActiveCfg = Release|Any CPU
		{492DF345-F075-42F8-8085-DD81AF9E8C80}.Release|Any CPU.Build.0 = Release|Any CPU
		{124C4241-7934-4993-98E1-010073567F06}.Debug|Any CPU.ActiveCfg = Debug|Any CPU
		{124C4241-7934-4993-98E1-010073567F06}.Debug|Any CPU.Build.0 = Debug|Any CPU
		{124C4241-7934-4993-98E1-010073567F06}.Release|Any CPU.ActiveCfg = Release|Any CPU
		{124C4241-7934-4993-98E1-010073567F06}.Release|Any CPU.Build.0 = Release|Any CPU
	EndGlobalSection
	GlobalSection(SolutionProperties) = preSolution
		HideSolutionNode = FALSE
	EndGlobalSection
EndGlobal
